
Microsoft Visual Studio Solution File, Format Version 12.00
# Visual Studio Version 17
VisualStudioVersion = 17.9.34728.123
MinimumVisualStudioVersion = 10.0.40219.1
Project("{FAE04EC0-301F-11D3-BF4B-00C04F79EFBC}") = "DemoProject", "DemoProject.csproj", "{96A6DA5B-6757-45E2-93C6-1AA0A838BE7B}"
EndProject
Global
	GlobalSection(SolutionConfigurationPlatforms) = preSolution
		Debug|Any CPU = Debug|Any CPU
		Release|Any CPU = Release|Any CPU
	EndGlobalSection
	GlobalSection(ProjectConfigurationPlatforms) = postSolution
		{96A6DA5B-6757-45E2-93C6-1AA0A838BE7B}.Debug|Any CPU.ActiveCfg = Debug|Any CPU
		{96A6DA5B-6757-45E2-93C6-1AA0A838BE7B}.Debug|Any CPU.Build.0 = Debug|Any CPU
		{96A6DA5B-6757-45E2-93C6-1AA0A838BE7B}.Release|Any CPU.ActiveCfg = Release|Any CPU
		{96A6DA5B-6757-45E2-93C6-1AA0A838BE7B}.Release|Any CPU.Build.0 = Release|Any CPU
	EndGlobalSection
	GlobalSection(SolutionProperties) = preSolution
		HideSolutionNode = FALSE
	EndGlobalSection
	GlobalSection(ExtensibilityGlobals) = postSolution
		SolutionGuid = {CA47D5EC-4D4C-4925-98E9-02EB1749645E}
	EndGlobalSection
EndGlobal
